// !$*UTF8*$!
{
	archiveVersion = 1;
	classes = {
	};
	objectVersion = 46;
	objects = {

/* Begin PBXBuildFile section */
		E3E4696C1E8CC2B000334782 /* AppDelegate.swift in Sources */ = {isa = PBXBuildFile; fileRef = E3E4696B1E8CC2B000334782 /* AppDelegate.swift */; };
		E3E4696E1E8CC2B000334782 /* ViewController.swift in Sources */ = {isa = PBXBuildFile; fileRef = E3E4696D1E8CC2B000334782 /* ViewController.swift */; };
		E3E469711E8CC2B000334782 /* Main.storyboard in Resources */ = {isa = PBXBuildFile; fileRef = E3E4696F1E8CC2B000334782 /* Main.storyboard */; };
		E3E469731E8CC2B000334782 /* Assets.xcassets in Resources */ = {isa = PBXBuildFile; fileRef = E3E469721E8CC2B000334782 /* Assets.xcassets */; };
		E3E469761E8CC2B000334782 /* LaunchScreen.storyboard in Resources */ = {isa = PBXBuildFile; fileRef = E3E469741E8CC2B000334782 /* LaunchScreen.storyboard */; };
		E3E469811E8CC2B100334782 /* Hello_iOSTests.swift in Sources */ = {isa = PBXBuildFile; fileRef = E3E469801E8CC2B100334782 /* Hello_iOSTests.swift */; };
		E3E4698C1E8CC2B100334782 /* Hello_iOSUITests.swift in Sources */ = {isa = PBXBuildFile; fileRef = E3E4698B1E8CC2B100334782 /* Hello_iOSUITests.swift */; };
/* End PBXBuildFile section */

/* Begin PBXContainerItemProxy section */
		E3E4697D1E8CC2B100334782 /* PBXContainerItemProxy */ = {
			isa = PBXContainerItemProxy;
			containerPortal = E3E469601E8CC2B000334782 /* Project object */;
			proxyType = 1;
			remoteGlobalIDString = E3E469671E8CC2B000334782;
			remoteInfo = "Hello-iOS";
		};
		E3E469881E8CC2B100334782 /* PBXContainerItemProxy */ = {
			isa = PBXContainerItemProxy;
			containerPortal = E3E469601E8CC2B000334782 /* Project object */;
			proxyType = 1;
			remoteGlobalIDString = E3E469671E8CC2B000334782;
			remoteInfo = "Hello-iOS";
		};
/* End PBXContainerItemProxy section */

/* Begin PBXFileReference section */
		E3E469681E8CC2B000334782 /* Hello-iOS.app */ = {isa = PBXFileReference; explicitFileType = wrapper.application; includeInIndex = 0; path = "Hello-iOS.app"; sourceTree = BUILT_PRODUCTS_DIR; };
		E3E4696B1E8CC2B000334782 /* AppDelegate.swift */ = {isa = PBXFileReference; lastKnownFileType = sourcecode.swift; path = AppDelegate.swift; sourceTree = "<group>"; };
		E3E4696D1E8CC2B000334782 /* ViewController.swift */ = {isa = PBXFileReference; lastKnownFileType = sourcecode.swift; path = ViewController.swift; sourceTree = "<group>"; };
		E3E469701E8CC2B000334782 /* Base */ = {isa = PBXFileReference; lastKnownFileType = file.storyboard; name = Base; path = Base.lproj/Main.storyboard; sourceTree = "<group>"; };
		E3E469721E8CC2B000334782 /* Assets.xcassets */ = {isa = PBXFileReference; lastKnownFileType = folder.assetcatalog; path = Assets.xcassets; sourceTree = "<group>"; };
		E3E469751E8CC2B000334782 /* Base */ = {isa = PBXFileReference; lastKnownFileType = file.storyboard; name = Base; path = Base.lproj/LaunchScreen.storyboard; sourceTree = "<group>"; };
		E3E469771E8CC2B000334782 /* Info.plist */ = {isa = PBXFileReference; lastKnownFileType = text.plist.xml; path = Info.plist; sourceTree = "<group>"; };
		E3E4697C1E8CC2B100334782 /* Hello-iOSTests.xctest */ = {isa = PBXFileReference; explicitFileType = wrapper.cfbundle; includeInIndex = 0; path = "Hello-iOSTests.xctest"; sourceTree = BUILT_PRODUCTS_DIR; };
		E3E469801E8CC2B100334782 /* Hello_iOSTests.swift */ = {isa = PBXFileReference; lastKnownFileType = sourcecode.swift; path = Hello_iOSTests.swift; sourceTree = "<group>"; };
		E3E469821E8CC2B100334782 /* Info.plist */ = {isa = PBXFileReference; lastKnownFileType = text.plist.xml; path = Info.plist; sourceTree = "<group>"; };
		E3E469871E8CC2B100334782 /* Hello-iOSUITests.xctest */ = {isa = PBXFileReference; explicitFileType = wrapper.cfbundle; includeInIndex = 0; path = "Hello-iOSUITests.xctest"; sourceTree = BUILT_PRODUCTS_DIR; };
		E3E4698B1E8CC2B100334782 /* Hello_iOSUITests.swift */ = {isa = PBXFileReference; lastKnownFileType = sourcecode.swift; path = Hello_iOSUITests.swift; sourceTree = "<group>"; };
		E3E4698D1E8CC2B100334782 /* Info.plist */ = {isa = PBXFileReference; lastKnownFileType = text.plist.xml; path = Info.plist; sourceTree = "<group>"; };
/* End PBXFileReference section */

/* Begin PBXFrameworksBuildPhase section */
		E3E469651E8CC2B000334782 /* Frameworks */ = {
			isa = PBXFrameworksBuildPhase;
			buildActionMask = 2147483647;
			files = (
			);
			runOnlyForDeploymentPostprocessing = 0;
		};
		E3E469791E8CC2B100334782 /* Frameworks */ = {
			isa = PBXFrameworksBuildPhase;
			buildActionMask = 2147483647;
			files = (
			);
			runOnlyForDeploymentPostprocessing = 0;
		};
		E3E469841E8CC2B100334782 /* Frameworks */ = {
			isa = PBXFrameworksBuildPhase;
			buildActionMask = 2147483647;
			files = (
			);
			runOnlyForDeploymentPostprocessing = 0;
		};
/* End PBXFrameworksBuildPhase section */

/* Begin PBXGroup section */
		E3E4695F1E8CC2B000334782 = {
			isa = PBXGroup;
			children = (
				E3E4696A1E8CC2B000334782 /* Hello-iOS */,
				E3E4697F1E8CC2B100334782 /* Hello-iOSTests */,
				E3E4698A1E8CC2B100334782 /* Hello-iOSUITests */,
				E3E469691E8CC2B000334782 /* Products */,
			);
			sourceTree = "<group>";
		};
		E3E469691E8CC2B000334782 /* Products */ = {
			isa = PBXGroup;
			children = (
				E3E469681E8CC2B000334782 /* Hello-iOS.app */,
				E3E4697C1E8CC2B100334782 /* Hello-iOSTests.xctest */,
				E3E469871E8CC2B100334782 /* Hello-iOSUITests.xctest */,
			);
			name = Products;
			sourceTree = "<group>";
		};
		E3E4696A1E8CC2B000334782 /* Hello-iOS */ = {
			isa = PBXGroup;
			children = (
				E3E4696B1E8CC2B000334782 /* AppDelegate.swift */,
				E3E4696D1E8CC2B000334782 /* ViewController.swift */,
				E3E4696F1E8CC2B000334782 /* Main.storyboard */,
				E3E469721E8CC2B000334782 /* Assets.xcassets */,
				E3E469741E8CC2B000334782 /* LaunchScreen.storyboard */,
				E3E469771E8CC2B000334782 /* Info.plist */,
			);
			path = "Hello-iOS";
			sourceTree = "<group>";
		};
		E3E4697F1E8CC2B100334782 /* Hello-iOSTests */ = {
			isa = PBXGroup;
			children = (
				E3E469801E8CC2B100334782 /* Hello_iOSTests.swift */,
				E3E469821E8CC2B100334782 /* Info.plist */,
			);
			path = "Hello-iOSTests";
			sourceTree = "<group>";
		};
		E3E4698A1E8CC2B100334782 /* Hello-iOSUITests */ = {
			isa = PBXGroup;
			children = (
				E3E4698B1E8CC2B100334782 /* Hello_iOSUITests.swift */,
				E3E4698D1E8CC2B100334782 /* Info.plist */,
			);
			path = "Hello-iOSUITests";
			sourceTree = "<group>";
		};
/* End PBXGroup section */

/* Begin PBXNativeTarget section */
		E3E469671E8CC2B000334782 /* Hello-iOS */ = {
			isa = PBXNativeTarget;
			buildConfigurationList = E3E469901E8CC2B100334782 /* Build configuration list for PBXNativeTarget "Hello-iOS" */;
			buildPhases = (
				E3E469641E8CC2B000334782 /* Sources */,
				E3E469651E8CC2B000334782 /* Frameworks */,
				E3E469661E8CC2B000334782 /* Resources */,
			);
			buildRules = (
			);
			dependencies = (
			);
			name = "Hello-iOS";
			productName = "Hello-iOS";
			productReference = E3E469681E8CC2B000334782 /* Hello-iOS.app */;
			productType = "com.apple.product-type.application";
		};
		E3E4697B1E8CC2B100334782 /* Hello-iOSTests */ = {
			isa = PBXNativeTarget;
			buildConfigurationList = E3E469931E8CC2B100334782 /* Build configuration list for PBXNativeTarget "Hello-iOSTests" */;
			buildPhases = (
				E3E469781E8CC2B100334782 /* Sources */,
				E3E469791E8CC2B100334782 /* Frameworks */,
				E3E4697A1E8CC2B100334782 /* Resources */,
			);
			buildRules = (
			);
			dependencies = (
				E3E4697E1E8CC2B100334782 /* PBXTargetDependency */,
			);
			name = "Hello-iOSTests";
			productName = "Hello-iOSTests";
			productReference = E3E4697C1E8CC2B100334782 /* Hello-iOSTests.xctest */;
			productType = "com.apple.product-type.bundle.unit-test";
		};
		E3E469861E8CC2B100334782 /* Hello-iOSUITests */ = {
			isa = PBXNativeTarget;
			buildConfigurationList = E3E469961E8CC2B100334782 /* Build configuration list for PBXNativeTarget "Hello-iOSUITests" */;
			buildPhases = (
				E3E469831E8CC2B100334782 /* Sources */,
				E3E469841E8CC2B100334782 /* Frameworks */,
				E3E469851E8CC2B100334782 /* Resources */,
			);
			buildRules = (
			);
			dependencies = (
				E3E469891E8CC2B100334782 /* PBXTargetDependency */,
			);
			name = "Hello-iOSUITests";
			productName = "Hello-iOSUITests";
			productReference = E3E469871E8CC2B100334782 /* Hello-iOSUITests.xctest */;
			productType = "com.apple.product-type.bundle.ui-testing";
		};
/* End PBXNativeTarget section */

/* Begin PBXProject section */
		E3E469601E8CC2B000334782 /* Project object */ = {
			isa = PBXProject;
			attributes = {
				LastSwiftUpdateCheck = 0830;
				LastUpgradeCheck = 0830;
				ORGANIZATIONNAME = "Bao Dinh";
				TargetAttributes = {
					E3E469671E8CC2B000334782 = {
						CreatedOnToolsVersion = 8.3;
						DevelopmentTeam = 3QD5R84B86;
						ProvisioningStyle = Automatic;
					};
					E3E4697B1E8CC2B100334782 = {
						CreatedOnToolsVersion = 8.3;
						ProvisioningStyle = Automatic;
						TestTargetID = E3E469671E8CC2B000334782;
					};
					E3E469861E8CC2B100334782 = {
						CreatedOnToolsVersion = 8.3;
						ProvisioningStyle = Automatic;
						TestTargetID = E3E469671E8CC2B000334782;
					};
				};
			};
			buildConfigurationList = E3E469631E8CC2B000334782 /* Build configuration list for PBXProject "Hello-iOS" */;
			compatibilityVersion = "Xcode 3.2";
			developmentRegion = English;
			hasScannedForEncodings = 0;
			knownRegions = (
				en,
				Base,
			);
			mainGroup = E3E4695F1E8CC2B000334782;
			productRefGroup = E3E469691E8CC2B000334782 /* Products */;
			projectDirPath = "";
			projectRoot = "";
			targets = (
				E3E469671E8CC2B000334782 /* Hello-iOS */,
				E3E4697B1E8CC2B100334782 /* Hello-iOSTests */,
				E3E469861E8CC2B100334782 /* Hello-iOSUITests */,
			);
		};
/* End PBXProject section */

/* Begin PBXResourcesBuildPhase section */
		E3E469661E8CC2B000334782 /* Resources */ = {
			isa = PBXResourcesBuildPhase;
			buildActionMask = 2147483647;
			files = (
				E3E469761E8CC2B000334782 /* LaunchScreen.storyboard in Resources */,
				E3E469731E8CC2B000334782 /* Assets.xcassets in Resources */,
				E3E469711E8CC2B000334782 /* Main.storyboard in Resources */,
			);
			runOnlyForDeploymentPostprocessing = 0;
		};
		E3E4697A1E8CC2B100334782 /* Resources */ = {
			isa = PBXResourcesBuildPhase;
			buildActionMask = 2147483647;
			files = (
			);
			runOnlyForDeploymentPostprocessing = 0;
		};
		E3E469851E8CC2B100334782 /* Resources */ = {
			isa = PBXResourcesBuildPhase;
			buildActionMask = 2147483647;
			files = (
			);
			runOnlyForDeploymentPostprocessing = 0;
		};
/* End PBXResourcesBuildPhase section */

/* Begin PBXSourcesBuildPhase section */
		E3E469641E8CC2B000334782 /* Sources */ = {
			isa = PBXSourcesBuildPhase;
			buildActionMask = 2147483647;
			files = (
				E3E4696E1E8CC2B000334782 /* ViewController.swift in Sources */,
				E3E4696C1E8CC2B000334782 /* AppDelegate.swift in Sources */,
			);
			runOnlyForDeploymentPostprocessing = 0;
		};
		E3E469781E8CC2B100334782 /* Sources */ = {
			isa = PBXSourcesBuildPhase;
			buildActionMask = 2147483647;
			files = (
				E3E469811E8CC2B100334782 /* Hello_iOSTests.swift in Sources */,
			);
			runOnlyForDeploymentPostprocessing = 0;
		};
		E3E469831E8CC2B100334782 /* Sources */ = {
			isa = PBXSourcesBuildPhase;
			buildActionMask = 2147483647;
			files = (
				E3E4698C1E8CC2B100334782 /* Hello_iOSUITests.swift in Sources */,
			);
			runOnlyForDeploymentPostprocessing = 0;
		};
/* End PBXSourcesBuildPhase section */

/* Begin PBXTargetDependency section */
		E3E4697E1E8CC2B100334782 /* PBXTargetDependency */ = {
			isa = PBXTargetDependency;
			target = E3E469671E8CC2B000334782 /* Hello-iOS */;
			targetProxy = E3E4697D1E8CC2B100334782 /* PBXContainerItemProxy */;
		};
		E3E469891E8CC2B100334782 /* PBXTargetDependency */ = {
			isa = PBXTargetDependency;
			target = E3E469671E8CC2B000334782 /* Hello-iOS */;
			targetProxy = E3E469881E8CC2B100334782 /* PBXContainerItemProxy */;
		};
/* End PBXTargetDependency section */

/* Begin PBXVariantGroup section */
		E3E4696F1E8CC2B000334782 /* Main.storyboard */ = {
			isa = PBXVariantGroup;
			children = (
				E3E469701E8CC2B000334782 /* Base */,
			);
			name = Main.storyboard;
			sourceTree = "<group>";
		};
		E3E469741E8CC2B000334782 /* LaunchScreen.storyboard */ = {
			isa = PBXVariantGroup;
			children = (
				E3E469751E8CC2B000334782 /* Base */,
			);
			name = LaunchScreen.storyboard;
			sourceTree = "<group>";
		};
/* End PBXVariantGroup section */

/* Begin XCBuildConfiguration section */
		E3E4698E1E8CC2B100334782 /* Debug */ = {
			isa = XCBuildConfiguration;
			buildSettings = {
				ALWAYS_SEARCH_USER_PATHS = NO;
				CLANG_ANALYZER_NONNULL = YES;
				CLANG_ANALYZER_NUMBER_OBJECT_CONVERSION = YES_AGGRESSIVE;
				CLANG_CXX_LANGUAGE_STANDARD = "gnu++0x";
				CLANG_CXX_LIBRARY = "libc++";
				CLANG_ENABLE_MODULES = YES;
				CLANG_ENABLE_OBJC_ARC = YES;
				CLANG_WARN_BOOL_CONVERSION = YES;
				CLANG_WARN_CONSTANT_CONVERSION = YES;
				CLANG_WARN_DIRECT_OBJC_ISA_USAGE = YES_ERROR;
				CLANG_WARN_DOCUMENTATION_COMMENTS = YES;
				CLANG_WARN_EMPTY_BODY = YES;
				CLANG_WARN_ENUM_CONVERSION = YES;
				CLANG_WARN_INFINITE_RECURSION = YES;
				CLANG_WARN_INT_CONVERSION = YES;
				CLANG_WARN_OBJC_ROOT_CLASS = YES_ERROR;
				CLANG_WARN_SUSPICIOUS_MOVE = YES;
				CLANG_WARN_UNREACHABLE_CODE = YES;
				CLANG_WARN__DUPLICATE_METHOD_MATCH = YES;
				"CODE_SIGN_IDENTITY[sdk=iphoneos*]" = "iPhone Developer";
				COPY_PHASE_STRIP = NO;
				DEBUG_INFORMATION_FORMAT = dwarf;
				ENABLE_STRICT_OBJC_MSGSEND = YES;
				ENABLE_TESTABILITY = YES;
				GCC_C_LANGUAGE_STANDARD = gnu99;
				GCC_DYNAMIC_NO_PIC = NO;
				GCC_NO_COMMON_BLOCKS = YES;
				GCC_OPTIMIZATION_LEVEL = 0;
				GCC_PREPROCESSOR_DEFINITIONS = (
					"DEBUG=1",
					"$(inherited)",
				);
				GCC_WARN_64_TO_32_BIT_CONVERSION = YES;
				GCC_WARN_ABOUT_RETURN_TYPE = YES_ERROR;
				GCC_WARN_UNDECLARED_SELECTOR = YES;
				GCC_WARN_UNINITIALIZED_AUTOS = YES_AGGRESSIVE;
				GCC_WARN_UNUSED_FUNCTION = YES;
				GCC_WARN_UNUSED_VARIABLE = YES;
				IPHONEOS_DEPLOYMENT_TARGET = 10.3;
				MTL_ENABLE_DEBUG_INFO = YES;
				ONLY_ACTIVE_ARCH = YES;
				SDKROOT = iphoneos;
				SWIFT_ACTIVE_COMPILATION_CONDITIONS = DEBUG;
				SWIFT_OPTIMIZATION_LEVEL = "-Onone";
				TARGETED_DEVICE_FAMILY = "1,2";
			};
			name = Debug;
		};
		E3E4698F1E8CC2B100334782 /* Release */ = {
			isa = XCBuildConfiguration;
			buildSettings = {
				ALWAYS_SEARCH_USER_PATHS = NO;
				CLANG_ANALYZER_NONNULL = YES;
				CLANG_ANALYZER_NUMBER_OBJECT_CONVERSION = YES_AGGRESSIVE;
				CLANG_CXX_LANGUAGE_STANDARD = "gnu++0x";
				CLANG_CXX_LIBRARY = "libc++";
				CLANG_ENABLE_MODULES = YES;
				CLANG_ENABLE_OBJC_ARC = YES;
				CLANG_WARN_BOOL_CONVERSION = YES;
				CLANG_WARN_CONSTANT_CONVERSION = YES;
				CLANG_WARN_DIRECT_OBJC_ISA_USAGE = YES_ERROR;
				CLANG_WARN_DOCUMENTATION_COMMENTS = YES;
				CLANG_WARN_EMPTY_BODY = YES;
				CLANG_WARN_ENUM_CONVERSION = YES;
				CLANG_WARN_INFINITE_RECURSION = YES;
				CLANG_WARN_INT_CONVERSION = YES;
				CLANG_WARN_OBJC_ROOT_CLASS = YES_ERROR;
				CLANG_WARN_SUSPICIOUS_MOVE = YES;
				CLANG_WARN_UNREACHABLE_CODE = YES;
				CLANG_WARN__DUPLICATE_METHOD_MATCH = YES;
				"CODE_SIGN_IDENTITY[sdk=iphoneos*]" = "iPhone Developer";
				COPY_PHASE_STRIP = NO;
				DEBUG_INFORMATION_FORMAT = "dwarf-with-dsym";
				ENABLE_NS_ASSERTIONS = NO;
				ENABLE_STRICT_OBJC_MSGSEND = YES;
				GCC_C_LANGUAGE_STANDARD = gnu99;
				GCC_NO_COMMON_BLOCKS = YES;
				GCC_WARN_64_TO_32_BIT_CONVERSION = YES;
				GCC_WARN_ABOUT_RETURN_TYPE = YES_ERROR;
				GCC_WARN_UNDECLARED_SELECTOR = YES;
				GCC_WARN_UNINITIALIZED_AUTOS = YES_AGGRESSIVE;
				GCC_WARN_UNUSED_FUNCTION = YES;
				GCC_WARN_UNUSED_VARIABLE = YES;
				IPHONEOS_DEPLOYMENT_TARGET = 10.3;
				MTL_ENABLE_DEBUG_INFO = NO;
				SDKROOT = iphoneos;
				SWIFT_OPTIMIZATION_LEVEL = "-Owholemodule";
				TARGETED_DEVICE_FAMILY = "1,2";
				VALIDATE_PRODUCT = YES;
			};
			name = Release;
		};
		E3E469911E8CC2B100334782 /* Debug */ = {
			isa = XCBuildConfiguration;
			buildSettings = {
				ASSETCATALOG_COMPILER_APPICON_NAME = AppIcon;
				DEVELOPMENT_TEAM = 3QD5R84B86;
				INFOPLIST_FILE = "Hello-iOS/Info.plist";
				IPHONEOS_DEPLOYMENT_TARGET = 10.0;
				LD_RUNPATH_SEARCH_PATHS = "$(inherited) @executable_path/Frameworks";
				PRODUCT_BUNDLE_IDENTIFIER = "bdinh.Hello-iOS";
				PRODUCT_NAME = "$(TARGET_NAME)";
				SWIFT_VERSION = 3.0;
				TARGETED_DEVICE_FAMILY = 1;
			};
			name = Debug;
		};
		E3E469921E8CC2B100334782 /* Release */ = {
			isa = XCBuildConfiguration;
			buildSettings = {
				ASSETCATALOG_COMPILER_APPICON_NAME = AppIcon;
				DEVELOPMENT_TEAM = 3QD5R84B86;
				INFOPLIST_FILE = "Hello-iOS/Info.plist";
				IPHONEOS_DEPLOYMENT_TARGET = 10.0;
				LD_RUNPATH_SEARCH_PATHS = "$(inherited) @executable_path/Frameworks";
				PRODUCT_BUNDLE_IDENTIFIER = "bdinh.Hello-iOS";
				PRODUCT_NAME = "$(TARGET_NAME)";
				SWIFT_VERSION = 3.0;
				TARGETED_DEVICE_FAMILY = 1;
			};
			name = Release;
		};
		E3E469941E8CC2B100334782 /* Debug */ = {
			isa = XCBuildConfiguration;
			buildSettings = {
				ALWAYS_EMBED_SWIFT_STANDARD_LIBRARIES = YES;
				BUNDLE_LOADER = "$(TEST_HOST)";
				INFOPLIST_FILE = "Hello-iOSTests/Info.plist";
				LD_RUNPATH_SEARCH_PATHS = "$(inherited) @executable_path/Frameworks @loader_path/Frameworks";
				PRODUCT_BUNDLE_IDENTIFIER = "bdinh.Hello-iOSTests";
				PRODUCT_NAME = "$(TARGET_NAME)";
				SWIFT_VERSION = 3.0;
				TEST_HOST = "$(BUILT_PRODUCTS_DIR)/Hello-iOS.app/Hello-iOS";
			};
			name = Debug;
		};
		E3E469951E8CC2B100334782 /* Release */ = {
			isa = XCBuildConfiguration;
			buildSettings = {
				ALWAYS_EMBED_SWIFT_STANDARD_LIBRARIES = YES;
				BUNDLE_LOADER = "$(TEST_HOST)";
				INFOPLIST_FILE = "Hello-iOSTests/Info.plist";
				LD_RUNPATH_SEARCH_PATHS = "$(inherited) @executable_path/Frameworks @loader_path/Frameworks";
				PRODUCT_BUNDLE_IDENTIFIER = "bdinh.Hello-iOSTests";
				PRODUCT_NAME = "$(TARGET_NAME)";
				SWIFT_VERSION = 3.0;
				TEST_HOST = "$(BUILT_PRODUCTS_DIR)/Hello-iOS.app/Hello-iOS";
			};
			name = Release;
		};
		E3E469971E8CC2B100334782 /* Debug */ = {
			isa = XCBuildConfiguration;
			buildSettings = {
				ALWAYS_EMBED_SWIFT_STANDARD_LIBRARIES = YES;
				INFOPLIST_FILE = "Hello-iOSUITests/Info.plist";
				LD_RUNPATH_SEARCH_PATHS = "$(inherited) @executable_path/Frameworks @loader_path/Frameworks";
				PRODUCT_BUNDLE_IDENTIFIER = "bdinh.Hello-iOSUITests";
				PRODUCT_NAME = "$(TARGET_NAME)";
				SWIFT_VERSION = 3.0;
				TEST_TARGET_NAME = "Hello-iOS";
			};
			name = Debug;
		};
		E3E469981E8CC2B100334782 /* Release */ = {
			isa = XCBuildConfiguration;
			buildSettings = {
				ALWAYS_EMBED_SWIFT_STANDARD_LIBRARIES = YES;
				INFOPLIST_FILE = "Hello-iOSUITests/Info.plist";
				LD_RUNPATH_SEARCH_PATHS = "$(inherited) @executable_path/Frameworks @loader_path/Frameworks";
				PRODUCT_BUNDLE_IDENTIFIER = "bdinh.Hello-iOSUITests";
				PRODUCT_NAME = "$(TARGET_NAME)";
				SWIFT_VERSION = 3.0;
				TEST_TARGET_NAME = "Hello-iOS";
			};
			name = Release;
		};
/* End XCBuildConfiguration section */

/* Begin XCConfigurationList section */
		E3E469631E8CC2B000334782 /* Build configuration list for PBXProject "Hello-iOS" */ = {
			isa = XCConfigurationList;
			buildConfigurations = (
				E3E4698E1E8CC2B100334782 /* Debug */,
				E3E4698F1E8CC2B100334782 /* Release */,
			);
			defaultConfigurationIsVisible = 0;
			defaultConfigurationName = Release;
		};
		E3E469901E8CC2B100334782 /* Build configuration list for PBXNativeTarget "Hello-iOS" */ = {
			isa = XCConfigurationList;
			buildConfigurations = (
				E3E469911E8CC2B100334782 /* Debug */,
				E3E469921E8CC2B100334782 /* Release */,
			);
			defaultConfigurationIsVisible = 0;
		};
		E3E469931E8CC2B100334782 /* Build configuration list for PBXNativeTarget "Hello-iOSTests" */ = {
			isa = XCConfigurationList;
			buildConfigurations = (
				E3E469941E8CC2B100334782 /* Debug */,
				E3E469951E8CC2B100334782 /* Release */,
			);
			defaultConfigurationIsVisible = 0;
		};
		E3E469961E8CC2B100334782 /* Build configuration list for PBXNativeTarget "Hello-iOSUITests" */ = {
			isa = XCConfigurationList;
			buildConfigurations = (
				E3E469971E8CC2B100334782 /* Debug */,
				E3E469981E8CC2B100334782 /* Release */,
			);
			defaultConfigurationIsVisible = 0;
		};
/* End XCConfigurationList section */
	};
	rootObject = E3E469601E8CC2B000334782 /* Project object */;
}
